
Microsoft Visual Studio Solution File, Format Version 12.00
# Visual Studio Version 17
VisualStudioVersion = 17.0.31808.319
MinimumVisualStudioVersion = 10.0.40219.1
Project("{FAE04EC0-301F-11D3-BF4B-00C04F79EFBC}") = "MandelbrotSetUBoji", "MandelbrotSetUBoji\MandelbrotSetUBoji.csproj", "{7986B2D5-AD34-48B7-BE59-656FB14ACBC5}"
EndProject
Global
	GlobalSection(SolutionConfigurationPlatforms) = preSolution
		Debug|Any CPU = Debug|Any CPU
		Release|Any CPU = Release|Any CPU
	EndGlobalSection
	GlobalSection(ProjectConfigurationPlatforms) = postSolution
		{7986B2D5-AD34-48B7-BE59-656FB14ACBC5}.Debug|Any CPU.ActiveCfg = Debug|Any CPU
		{7986B2D5-AD34-48B7-BE59-656FB14ACBC5}.Debug|Any CPU.Build.0 = Debug|Any CPU
		{7986B2D5-AD34-48B7-BE59-656FB14ACBC5}.Release|Any CPU.ActiveCfg = Release|Any CPU
		{7986B2D5-AD34-48B7-BE59-656FB14ACBC5}.Release|Any CPU.Build.0 = Release|Any CPU
	EndGlobalSection
	GlobalSection(SolutionProperties) = preSolution
		HideSolutionNode = FALSE
	EndGlobalSection
	GlobalSection(ExtensibilityGlobals) = postSolution
		SolutionGuid = {9B5431B8-EE1D-4630-B4A0-E1AC85022B75}
	EndGlobalSection
EndGlobal
